{
    "requires": true,
    "lockfileVersion": 1,
    "dependencies": {
        "@vercel/edge-config": {
            "version": "1.4.0",
            "resolved": "https://registry.npmjs.org/@vercel/edge-config/-/edge-config-1.4.0.tgz",
            "integrity": "sha512-69Wg5gw9DzwnyUmnjToSeLRm1nm8mCPgN0kflX8EHRHyqvzH80wPem5A8rI2LXPb2Y9tJNoqN3vXPcQhS2Wh5g==",
            "requires": {
                "@vercel/edge-config-fs": "0.1.0"
            }
        },
        "@vercel/edge-config-fs": {
            "version": "0.1.0",
            "resolved": "https://registry.npmjs.org/@vercel/edge-config-fs/-/edge-config-fs-0.1.0.tgz",
            "integrity": "sha512-NRIBwfcS0bUoUbRWlNGetqjvLSwgYH/BqKqDN7vK1g32p7dN96k0712COgaz6VFizAm9b0g6IG6hR6+hc0KCPg=="
        },
        "node-fetch": {
            "version": "2.7.0",
            "resolved": "https://registry.npmjs.org/node-fetch/-/node-fetch-2.7.0.tgz",
            "integrity": "sha512-c4FRfUm/dbcWZ7U+1Wq0AwCyFL+3nt2bEw05wfxSz+DWpWsitgmSgYmy2dQdWyKC1694ELPqMs/YzUSNozLt8A==",
            "requires": {
                "whatwg-url": "^5.0.0"
            }
        },
        "tr46": {
            "version": "0.0.3",
            "resolved": "https://registry.npmjs.org/tr46/-/tr46-0.0.3.tgz",
            "integrity": "sha512-N3WMsuqV66lT30CrXNbEjx4GEwlow3v6rr4mCcv6prnfwhS01rkgyFdjPNBYd9br7LpXV1+Emh01fHnq2Gdgrw=="
        },
        "webidl-conversions": {
            "version": "3.0.1",
            "resolved": "https://registry.npmjs.org/webidl-conversions/-/webidl-conversions-3.0.1.tgz",
            "integrity": "sha512-2JAn3z8AR6rjK8Sm8orRC0h/bcl/DqL7tRPdGZ4I1CjdF+EaMLmYxBHyXuKL849eucPFhvBoxMsflfOb8kxaeQ=="
        },
        "whatwg-url": {
            "version": "5.0.0",
            "resolved": "https://registry.npmjs.org/whatwg-url/-/whatwg-url-5.0.0.tgz",
            "integrity": "sha512-saE57nupxk6v3HY35+jzBwYa0rKSy0XR8JSxZPwgLr7ys0IBzhGviA1/TUGJLmSVqs8pb9AnvICXEuOHLprYTw==",
            "requires": {
                "tr46": "~0.0.3",
                "webidl-conversions": "^3.0.0"
            }
        }
    }
}
